# This file is automatically @generated by Cargo.
# It is not intended for manual editing.
version = 4

[[package]]
name = "mrx"
version = "0.1.0"
dependencies = [
 "mrx-core",
 "mrx-masstree",
 "mrx-rocks",
]

[[package]]
name = "mrx-core"
version = "0.1.0"

[[package]]
name = "mrx-ffi"
version = "0.1.0"
dependencies = [
 "mrx",
]

[[package]]
name = "mrx-masstree"
version = "0.1.0"
dependencies = [
 "mrx",
 "mrx-core",
 "mtree-sys",
]

[[package]]
name = "mrx-rocks"
version = "0.1.0"
dependencies = [
 "mrx-core",
]

[[package]]
name = "mtree-sys"
version = "0.1.0"
